{
	"name": "backend",
	"version": "1.0.0",
	"lockfileVersion": 3,
	"requires": true,
	"packages": {
		"": {
			"name": "backend",
			"version": "1.0.0",
			"license": "ISC",
			"dependencies": {
				"bcrypt": "^6.0.0",
				"cookie-parser": "^1.4.7",
				"cors": "^2.8.5",
				"dotenv": "^16.5.0",
				"drizzle-orm": "^0.44.2",
				"express": "^5.1.0",
				"express-validator": "^7.2.1",
				"http-errors": "^2.0.0",
				"jsonwebtoken": "^9.0.2",
				"postgres": "^3.4.7"
			},
			"devDependencies": {
				"@types/bcrypt": "^5.0.2",
				"@types/cookie-parser": "^1.4.9",
				"@types/cors": "^2.8.19",
				"@types/dotenv": "^6.1.1",
				"@types/express": "^5.0.3",
				"@types/express-validator": "^2.20.33",
				"@types/http-errors": "^2.0.5",
				"@types/jsonwebtoken": "^9.0.10",
				"@types/node": "^24.0.3",
				"drizzle-kit": "^0.31.1",
				"prettier": "^3.5.3",
				"tsx": "^4.20.3",
				"typescript": "^5.8.3"
			}
		},
		"node_modules/@drizzle-team/brocli": {
			"version": "0.10.2",
			"dev": true,
			"license": "Apache-2.0"
		},
		"node_modules/@esbuild-kit/core-utils": {
			"version": "3.3.2",
			"dev": true,
			"license": "MIT",
			"dependencies": {
				"esbuild": "~0.18.20",
				"source-map-support": "^0.5.21"
			}
		},
		"node_modules/@esbuild-kit/core-utils/node_modules/@esbuild/darwin-arm64": {
			"version": "0.18.20",
			"cpu": [
				"arm64"
			],
			"dev": true,
			"license": "MIT",
			"optional": true,
			"os": [
				"darwin"
			],
			"engines": {
				"node": ">=12"
			}
		},
		"node_modules/@esbuild-kit/core-utils/node_modules/esbuild": {
			"version": "0.18.20",
			"dev": true,
			"hasInstallScript": true,
			"license": "MIT",
			"bin": {
				"esbuild": "bin/esbuild"
			},
			"engines": {
				"node": ">=12"
			},
			"optionalDependencies": {
				"@esbuild/android-arm": "0.18.20",
				"@esbuild/android-arm64": "0.18.20",
				"@esbuild/android-x64": "0.18.20",
				"@esbuild/darwin-arm64": "0.18.20",
				"@esbuild/darwin-x64": "0.18.20",
				"@esbuild/freebsd-arm64": "0.18.20",
				"@esbuild/freebsd-x64": "0.18.20",
				"@esbuild/linux-arm": "0.18.20",
				"@esbuild/linux-arm64": "0.18.20",
				"@esbuild/linux-ia32": "0.18.20",
				"@esbuild/linux-loong64": "0.18.20",
				"@esbuild/linux-mips64el": "0.18.20",
				"@esbuild/linux-ppc64": "0.18.20",
				"@esbuild/linux-riscv64": "0.18.20",
				"@esbuild/linux-s390x": "0.18.20",
				"@esbuild/linux-x64": "0.18.20",
				"@esbuild/netbsd-x64": "0.18.20",
				"@esbuild/openbsd-x64": "0.18.20",
				"@esbuild/sunos-x64": "0.18.20",
				"@esbuild/win32-arm64": "0.18.20",
				"@esbuild/win32-ia32": "0.18.20",
				"@esbuild/win32-x64": "0.18.20"
			}
		},
		"node_modules/@esbuild-kit/esm-loader": {
			"version": "2.6.5",
			"dev": true,
			"license": "MIT",
			"dependencies": {
				"@esbuild-kit/core-utils": "^3.3.2",
				"get-tsconfig": "^4.7.0"
			}
		},
		"node_modules/@esbuild/darwin-arm64": {
			"version": "0.25.5",
			"cpu": [
				"arm64"
			],
			"dev": true,
			"license": "MIT",
			"optional": true,
			"os": [
				"darwin"
			],
			"engines": {
				"node": ">=18"
			}
		},
		"node_modules/@types/bcrypt": {
			"version": "5.0.2",
			"dev": true,
			"license": "MIT",
			"dependencies": {
				"@types/node": "*"
			}
		},
		"node_modules/@types/body-parser": {
			"version": "1.19.6",
			"dev": true,
			"license": "MIT",
			"dependencies": {
				"@types/connect": "*",
				"@types/node": "*"
			}
		},
		"node_modules/@types/connect": {
			"version": "3.4.38",
			"dev": true,
			"license": "MIT",
			"dependencies": {
				"@types/node": "*"
			}
		},
		"node_modules/@types/cookie-parser": {
			"version": "1.4.9",
			"dev": true,
			"license": "MIT",
			"peerDependencies": {
				"@types/express": "*"
			}
		},
		"node_modules/@types/cors": {
			"version": "2.8.19",
			"dev": true,
			"license": "MIT",
			"dependencies": {
				"@types/node": "*"
			}
		},
		"node_modules/@types/dotenv": {
			"version": "6.1.1",
			"dev": true,
			"license": "MIT",
			"dependencies": {
				"@types/node": "*"
			}
		},
		"node_modules/@types/express": {
			"version": "5.0.3",
			"dev": true,
			"license": "MIT",
			"dependencies": {
				"@types/body-parser": "*",
				"@types/express-serve-static-core": "^5.0.0",
				"@types/serve-static": "*"
			}
		},
		"node_modules/@types/express-serve-static-core": {
			"version": "5.0.6",
			"dev": true,
			"license": "MIT",
			"dependencies": {
				"@types/node": "*",
				"@types/qs": "*",
				"@types/range-parser": "*",
				"@types/send": "*"
			}
		},
		"node_modules/@types/express-validator": {
			"version": "2.20.33",
			"dev": true,
			"license": "MIT",
			"dependencies": {
				"@types/express": "*"
			}
		},
		"node_modules/@types/http-errors": {
			"version": "2.0.5",
			"dev": true,
			"license": "MIT"
		},
		"node_modules/@types/jsonwebtoken": {
			"version": "9.0.10",
			"dev": true,
			"license": "MIT",
			"dependencies": {
				"@types/ms": "*",
				"@types/node": "*"
			}
		},
		"node_modules/@types/mime": {
			"version": "1.3.5",
			"dev": true,
			"license": "MIT"
		},
		"node_modules/@types/ms": {
			"version": "2.1.0",
			"dev": true,
			"license": "MIT"
		},
		"node_modules/@types/node": {
			"version": "24.0.4",
			"dev": true,
			"license": "MIT",
			"dependencies": {
				"undici-types": "~7.8.0"
			}
		},
		"node_modules/@types/qs": {
			"version": "6.14.0",
			"dev": true,
			"license": "MIT"
		},
		"node_modules/@types/range-parser": {
			"version": "1.2.7",
			"dev": true,
			"license": "MIT"
		},
		"node_modules/@types/send": {
			"version": "0.17.5",
			"dev": true,
			"license": "MIT",
			"dependencies": {
				"@types/mime": "^1",
				"@types/node": "*"
			}
		},
		"node_modules/@types/serve-static": {
			"version": "1.15.8",
			"dev": true,
			"license": "MIT",
			"dependencies": {
				"@types/http-errors": "*",
				"@types/node": "*",
				"@types/send": "*"
			}
		},
		"node_modules/accepts": {
			"version": "2.0.0",
			"license": "MIT",
			"dependencies": {
				"mime-types": "^3.0.0",
				"negotiator": "^1.0.0"
			},
			"engines": {
				"node": ">= 0.6"
			}
		},
		"node_modules/bcrypt": {
			"version": "6.0.0",
			"hasInstallScript": true,
			"license": "MIT",
			"dependencies": {
				"node-addon-api": "^8.3.0",
				"node-gyp-build": "^4.8.4"
			},
			"engines": {
				"node": ">= 18"
			}
		},
		"node_modules/body-parser": {
			"version": "2.2.0",
			"license": "MIT",
			"dependencies": {
				"bytes": "^3.1.2",
				"content-type": "^1.0.5",
				"debug": "^4.4.0",
				"http-errors": "^2.0.0",
				"iconv-lite": "^0.6.3",
				"on-finished": "^2.4.1",
				"qs": "^6.14.0",
				"raw-body": "^3.0.0",
				"type-is": "^2.0.0"
			},
			"engines": {
				"node": ">=18"
			}
		},
		"node_modules/buffer-equal-constant-time": {
			"version": "1.0.1",
			"license": "BSD-3-Clause"
		},
		"node_modules/buffer-from": {
			"version": "1.1.2",
			"dev": true,
			"license": "MIT"
		},
		"node_modules/bytes": {
			"version": "3.1.2",
			"license": "MIT",
			"engines": {
				"node": ">= 0.8"
			}
		},
		"node_modules/call-bind-apply-helpers": {
			"version": "1.0.2",
			"license": "MIT",
			"dependencies": {
				"es-errors": "^1.3.0",
				"function-bind": "^1.1.2"
			},
			"engines": {
				"node": ">= 0.4"
			}
		},
		"node_modules/call-bound": {
			"version": "1.0.4",
			"license": "MIT",
			"dependencies": {
				"call-bind-apply-helpers": "^1.0.2",
				"get-intrinsic": "^1.3.0"
			},
			"engines": {
				"node": ">= 0.4"
			},
			"funding": {
				"url": "https://github.com/sponsors/ljharb"
			}
		},
		"node_modules/content-disposition": {
			"version": "1.0.0",
			"license": "MIT",
			"dependencies": {
				"safe-buffer": "5.2.1"
			},
			"engines": {
				"node": ">= 0.6"
			}
		},
		"node_modules/content-type": {
			"version": "1.0.5",
			"license": "MIT",
			"engines": {
				"node": ">= 0.6"
			}
		},
		"node_modules/cookie": {
			"version": "0.7.2",
			"license": "MIT",
			"engines": {
				"node": ">= 0.6"
			}
		},
		"node_modules/cookie-parser": {
			"version": "1.4.7",
			"license": "MIT",
			"dependencies": {
				"cookie": "0.7.2",
				"cookie-signature": "1.0.6"
			},
			"engines": {
				"node": ">= 0.8.0"
			}
		},
		"node_modules/cookie-signature": {
			"version": "1.0.6",
			"license": "MIT"
		},
		"node_modules/cors": {
			"version": "2.8.5",
			"license": "MIT",
			"dependencies": {
				"object-assign": "^4",
				"vary": "^1"
			},
			"engines": {
				"node": ">= 0.10"
			}
		},
		"node_modules/debug": {
			"version": "4.4.1",
			"license": "MIT",
			"dependencies": {
				"ms": "^2.1.3"
			},
			"engines": {
				"node": ">=6.0"
			},
			"peerDependenciesMeta": {
				"supports-color": {
					"optional": true
				}
			}
		},
		"node_modules/depd": {
			"version": "2.0.0",
			"license": "MIT",
			"engines": {
				"node": ">= 0.8"
			}
		},
		"node_modules/dotenv": {
			"version": "16.5.0",
			"license": "BSD-2-Clause",
			"engines": {
				"node": ">=12"
			},
			"funding": {
				"url": "https://dotenvx.com"
			}
		},
		"node_modules/drizzle-kit": {
			"version": "0.31.2",
			"dev": true,
			"license": "MIT",
			"dependencies": {
				"@drizzle-team/brocli": "^0.10.2",
				"@esbuild-kit/esm-loader": "^2.5.5",
				"esbuild": "^0.25.4",
				"esbuild-register": "^3.5.0"
			},
			"bin": {
				"drizzle-kit": "bin.cjs"
			}
		},
		"node_modules/drizzle-orm": {
			"version": "0.44.2",
			"license": "Apache-2.0",
			"peerDependencies": {
				"@aws-sdk/client-rds-data": ">=3",
				"@cloudflare/workers-types": ">=4",
				"@electric-sql/pglite": ">=0.2.0",
				"@libsql/client": ">=0.10.0",
				"@libsql/client-wasm": ">=0.10.0",
				"@neondatabase/serverless": ">=0.10.0",
				"@op-engineering/op-sqlite": ">=2",
				"@opentelemetry/api": "^1.4.1",
				"@planetscale/database": ">=1.13",
				"@prisma/client": "*",
				"@tidbcloud/serverless": "*",
				"@types/better-sqlite3": "*",
				"@types/pg": "*",
				"@types/sql.js": "*",
				"@upstash/redis": ">=1.34.7",
				"@vercel/postgres": ">=0.8.0",
				"@xata.io/client": "*",
				"better-sqlite3": ">=7",
				"bun-types": "*",
				"expo-sqlite": ">=14.0.0",
				"gel": ">=2",
				"knex": "*",
				"kysely": "*",
				"mysql2": ">=2",
				"pg": ">=8",
				"postgres": ">=3",
				"sql.js": ">=1",
				"sqlite3": ">=5"
			},
			"peerDependenciesMeta": {
				"@aws-sdk/client-rds-data": {
					"optional": true
				},
				"@cloudflare/workers-types": {
					"optional": true
				},
				"@electric-sql/pglite": {
					"optional": true
				},
				"@libsql/client": {
					"optional": true
				},
				"@libsql/client-wasm": {
					"optional": true
				},
				"@neondatabase/serverless": {
					"optional": true
				},
				"@op-engineering/op-sqlite": {
					"optional": true
				},
				"@opentelemetry/api": {
					"optional": true
				},
				"@planetscale/database": {
					"optional": true
				},
				"@prisma/client": {
					"optional": true
				},
				"@tidbcloud/serverless": {
					"optional": true
				},
				"@types/better-sqlite3": {
					"optional": true
				},
				"@types/pg": {
					"optional": true
				},
				"@types/sql.js": {
					"optional": true
				},
				"@upstash/redis": {
					"optional": true
				},
				"@vercel/postgres": {
					"optional": true
				},
				"@xata.io/client": {
					"optional": true
				},
				"better-sqlite3": {
					"optional": true
				},
				"bun-types": {
					"optional": true
				},
				"expo-sqlite": {
					"optional": true
				},
				"gel": {
					"optional": true
				},
				"knex": {
					"optional": true
				},
				"kysely": {
					"optional": true
				},
				"mysql2": {
					"optional": true
				},
				"pg": {
					"optional": true
				},
				"postgres": {
					"optional": true
				},
				"prisma": {
					"optional": true
				},
				"sql.js": {
					"optional": true
				},
				"sqlite3": {
					"optional": true
				}
			}
		},
		"node_modules/dunder-proto": {
			"version": "1.0.1",
			"license": "MIT",
			"dependencies": {
				"call-bind-apply-helpers": "^1.0.1",
				"es-errors": "^1.3.0",
				"gopd": "^1.2.0"
			},
			"engines": {
				"node": ">= 0.4"
			}
		},
		"node_modules/ecdsa-sig-formatter": {
			"version": "1.0.11",
			"license": "Apache-2.0",
			"dependencies": {
				"safe-buffer": "^5.0.1"
			}
		},
		"node_modules/ee-first": {
			"version": "1.1.1",
			"license": "MIT"
		},
		"node_modules/encodeurl": {
			"version": "2.0.0",
			"license": "MIT",
			"engines": {
				"node": ">= 0.8"
			}
		},
		"node_modules/es-define-property": {
			"version": "1.0.1",
			"license": "MIT",
			"engines": {
				"node": ">= 0.4"
			}
		},
		"node_modules/es-errors": {
			"version": "1.3.0",
			"license": "MIT",
			"engines": {
				"node": ">= 0.4"
			}
		},
		"node_modules/es-object-atoms": {
			"version": "1.1.1",
			"license": "MIT",
			"dependencies": {
				"es-errors": "^1.3.0"
			},
			"engines": {
				"node": ">= 0.4"
			}
		},
		"node_modules/esbuild": {
			"version": "0.25.5",
			"dev": true,
			"hasInstallScript": true,
			"license": "MIT",
			"bin": {
				"esbuild": "bin/esbuild"
			},
			"engines": {
				"node": ">=18"
			},
			"optionalDependencies": {
				"@esbuild/aix-ppc64": "0.25.5",
				"@esbuild/android-arm": "0.25.5",
				"@esbuild/android-arm64": "0.25.5",
				"@esbuild/android-x64": "0.25.5",
				"@esbuild/darwin-arm64": "0.25.5",
				"@esbuild/darwin-x64": "0.25.5",
				"@esbuild/freebsd-arm64": "0.25.5",
				"@esbuild/freebsd-x64": "0.25.5",
				"@esbuild/linux-arm": "0.25.5",
				"@esbuild/linux-arm64": "0.25.5",
				"@esbuild/linux-ia32": "0.25.5",
				"@esbuild/linux-loong64": "0.25.5",
				"@esbuild/linux-mips64el": "0.25.5",
				"@esbuild/linux-ppc64": "0.25.5",
				"@esbuild/linux-riscv64": "0.25.5",
				"@esbuild/linux-s390x": "0.25.5",
				"@esbuild/linux-x64": "0.25.5",
				"@esbuild/netbsd-arm64": "0.25.5",
				"@esbuild/netbsd-x64": "0.25.5",
				"@esbuild/openbsd-arm64": "0.25.5",
				"@esbuild/openbsd-x64": "0.25.5",
				"@esbuild/sunos-x64": "0.25.5",
				"@esbuild/win32-arm64": "0.25.5",
				"@esbuild/win32-ia32": "0.25.5",
				"@esbuild/win32-x64": "0.25.5"
			}
		},
		"node_modules/esbuild-register": {
			"version": "3.6.0",
			"dev": true,
			"license": "MIT",
			"dependencies": {
				"debug": "^4.3.4"
			},
			"peerDependencies": {
				"esbuild": ">=0.12 <1"
			}
		},
		"node_modules/escape-html": {
			"version": "1.0.3",
			"license": "MIT"
		},
		"node_modules/etag": {
			"version": "1.8.1",
			"license": "MIT",
			"engines": {
				"node": ">= 0.6"
			}
		},
		"node_modules/express": {
			"version": "5.1.0",
			"license": "MIT",
			"dependencies": {
				"accepts": "^2.0.0",
				"body-parser": "^2.2.0",
				"content-disposition": "^1.0.0",
				"content-type": "^1.0.5",
				"cookie": "^0.7.1",
				"cookie-signature": "^1.2.1",
				"debug": "^4.4.0",
				"encodeurl": "^2.0.0",
				"escape-html": "^1.0.3",
				"etag": "^1.8.1",
				"finalhandler": "^2.1.0",
				"fresh": "^2.0.0",
				"http-errors": "^2.0.0",
				"merge-descriptors": "^2.0.0",
				"mime-types": "^3.0.0",
				"on-finished": "^2.4.1",
				"once": "^1.4.0",
				"parseurl": "^1.3.3",
				"proxy-addr": "^2.0.7",
				"qs": "^6.14.0",
				"range-parser": "^1.2.1",
				"router": "^2.2.0",
				"send": "^1.1.0",
				"serve-static": "^2.2.0",
				"statuses": "^2.0.1",
				"type-is": "^2.0.1",
				"vary": "^1.1.2"
			},
			"engines": {
				"node": ">= 18"
			},
			"funding": {
				"type": "opencollective",
				"url": "https://opencollective.com/express"
			}
		},
		"node_modules/express-validator": {
			"version": "7.2.1",
			"license": "MIT",
			"dependencies": {
				"lodash": "^4.17.21",
				"validator": "~13.12.0"
			},
			"engines": {
				"node": ">= 8.0.0"
			}
		},
		"node_modules/express/node_modules/cookie-signature": {
			"version": "1.2.2",
			"license": "MIT",
			"engines": {
				"node": ">=6.6.0"
			}
		},
		"node_modules/express/node_modules/range-parser": {
			"version": "1.2.1",
			"resolved": "https://registry.npmjs.org/range-parser/-/range-parser-1.2.1.tgz",
			"integrity": "sha512-Hrgsx+orqoygnmhFbKaHE6c296J+HTAQXoxEF6gNupROmmGJRoyzfG3ccAveqCBrwr/2yxQ5BVd/GTl5agOwSg==",
			"license": "MIT",
			"engines": {
				"node": ">= 0.6"
			}
		},
		"node_modules/finalhandler": {
			"version": "2.1.0",
			"license": "MIT",
			"dependencies": {
				"debug": "^4.4.0",
				"encodeurl": "^2.0.0",
				"escape-html": "^1.0.3",
				"on-finished": "^2.4.1",
				"parseurl": "^1.3.3",
				"statuses": "^2.0.1"
			},
			"engines": {
				"node": ">= 0.8"
			}
		},
		"node_modules/forwarded": {
			"version": "0.2.0",
			"license": "MIT",
			"engines": {
				"node": ">= 0.6"
			}
		},
		"node_modules/fresh": {
			"version": "2.0.0",
			"license": "MIT",
			"engines": {
				"node": ">= 0.8"
			}
		},
		"node_modules/function-bind": {
			"version": "1.1.2",
			"license": "MIT",
			"funding": {
				"url": "https://github.com/sponsors/ljharb"
			}
		},
		"node_modules/get-intrinsic": {
			"version": "1.3.0",
			"license": "MIT",
			"dependencies": {
				"call-bind-apply-helpers": "^1.0.2",
				"es-define-property": "^1.0.1",
				"es-errors": "^1.3.0",
				"es-object-atoms": "^1.1.1",
				"function-bind": "^1.1.2",
				"get-proto": "^1.0.1",
				"gopd": "^1.2.0",
				"has-symbols": "^1.1.0",
				"hasown": "^2.0.2",
				"math-intrinsics": "^1.1.0"
			},
			"engines": {
				"node": ">= 0.4"
			},
			"funding": {
				"url": "https://github.com/sponsors/ljharb"
			}
		},
		"node_modules/get-proto": {
			"version": "1.0.1",
			"license": "MIT",
			"dependencies": {
				"dunder-proto": "^1.0.1",
				"es-object-atoms": "^1.0.0"
			},
			"engines": {
				"node": ">= 0.4"
			}
		},
		"node_modules/get-tsconfig": {
			"version": "4.10.1",
			"dev": true,
			"license": "MIT",
			"dependencies": {
				"resolve-pkg-maps": "^1.0.0"
			},
			"funding": {
				"url": "https://github.com/privatenumber/get-tsconfig?sponsor=1"
			}
		},
		"node_modules/gopd": {
			"version": "1.2.0",
			"license": "MIT",
			"engines": {
				"node": ">= 0.4"
			},
			"funding": {
				"url": "https://github.com/sponsors/ljharb"
			}
		},
		"node_modules/has-symbols": {
			"version": "1.1.0",
			"license": "MIT",
			"engines": {
				"node": ">= 0.4"
			},
			"funding": {
				"url": "https://github.com/sponsors/ljharb"
			}
		},
		"node_modules/hasown": {
			"version": "2.0.2",
			"license": "MIT",
			"dependencies": {
				"function-bind": "^1.1.2"
			},
			"engines": {
				"node": ">= 0.4"
			}
		},
		"node_modules/http-errors": {
			"version": "2.0.0",
			"license": "MIT",
			"dependencies": {
				"depd": "2.0.0",
				"inherits": "2.0.4",
				"setprototypeof": "1.2.0",
				"statuses": "2.0.1",
				"toidentifier": "1.0.1"
			},
			"engines": {
				"node": ">= 0.8"
			}
		},
		"node_modules/http-errors/node_modules/statuses": {
			"version": "2.0.1",
			"license": "MIT",
			"engines": {
				"node": ">= 0.8"
			}
		},
		"node_modules/iconv-lite": {
			"version": "0.6.3",
			"license": "MIT",
			"dependencies": {
				"safer-buffer": ">= 2.1.2 < 3.0.0"
			},
			"engines": {
				"node": ">=0.10.0"
			}
		},
		"node_modules/inherits": {
			"version": "2.0.4",
			"license": "ISC"
		},
		"node_modules/ipaddr.js": {
			"version": "1.9.1",
			"license": "MIT",
			"engines": {
				"node": ">= 0.10"
			}
		},
		"node_modules/is-promise": {
			"version": "4.0.0",
			"license": "MIT"
		},
		"node_modules/jsonwebtoken": {
			"version": "9.0.2",
			"license": "MIT",
			"dependencies": {
				"jws": "^3.2.2",
				"lodash.includes": "^4.3.0",
				"lodash.isboolean": "^3.0.3",
				"lodash.isinteger": "^4.0.4",
				"lodash.isnumber": "^3.0.3",
				"lodash.isplainobject": "^4.0.6",
				"lodash.isstring": "^4.0.1",
				"lodash.once": "^4.0.0",
				"ms": "^2.1.1",
				"semver": "^7.5.4"
			},
			"engines": {
				"node": ">=12",
				"npm": ">=6"
			}
		},
		"node_modules/jwa": {
			"version": "1.4.2",
			"license": "MIT",
			"dependencies": {
				"buffer-equal-constant-time": "^1.0.1",
				"ecdsa-sig-formatter": "1.0.11",
				"safe-buffer": "^5.0.1"
			}
		},
		"node_modules/jws": {
			"version": "3.2.2",
			"license": "MIT",
			"dependencies": {
				"jwa": "^1.4.1",
				"safe-buffer": "^5.0.1"
			}
		},
		"node_modules/lodash": {
			"version": "4.17.21",
			"license": "MIT"
		},
		"node_modules/lodash.includes": {
			"version": "4.3.0",
			"license": "MIT"
		},
		"node_modules/lodash.isboolean": {
			"version": "3.0.3",
			"license": "MIT"
		},
		"node_modules/lodash.isinteger": {
			"version": "4.0.4",
			"license": "MIT"
		},
		"node_modules/lodash.isnumber": {
			"version": "3.0.3",
			"license": "MIT"
		},
		"node_modules/lodash.isplainobject": {
			"version": "4.0.6",
			"license": "MIT"
		},
		"node_modules/lodash.isstring": {
			"version": "4.0.1",
			"license": "MIT"
		},
		"node_modules/lodash.once": {
			"version": "4.1.1",
			"license": "MIT"
		},
		"node_modules/math-intrinsics": {
			"version": "1.1.0",
			"license": "MIT",
			"engines": {
				"node": ">= 0.4"
			}
		},
		"node_modules/media-typer": {
			"version": "1.1.0",
			"license": "MIT",
			"engines": {
				"node": ">= 0.8"
			}
		},
		"node_modules/merge-descriptors": {
			"version": "2.0.0",
			"license": "MIT",
			"engines": {
				"node": ">=18"
			},
			"funding": {
				"url": "https://github.com/sponsors/sindresorhus"
			}
		},
		"node_modules/mime-db": {
			"version": "1.54.0",
			"license": "MIT",
			"engines": {
				"node": ">= 0.6"
			}
		},
		"node_modules/mime-types": {
			"version": "3.0.1",
			"license": "MIT",
			"dependencies": {
				"mime-db": "^1.54.0"
			},
			"engines": {
				"node": ">= 0.6"
			}
		},
		"node_modules/ms": {
			"version": "2.1.3",
			"license": "MIT"
		},
		"node_modules/negotiator": {
			"version": "1.0.0",
			"license": "MIT",
			"engines": {
				"node": ">= 0.6"
			}
		},
		"node_modules/node-addon-api": {
			"version": "8.4.0",
			"license": "MIT",
			"engines": {
				"node": "^18 || ^20 || >= 21"
			}
		},
		"node_modules/node-gyp-build": {
			"version": "4.8.4",
			"license": "MIT",
			"bin": {
				"node-gyp-build": "bin.js",
				"node-gyp-build-optional": "optional.js",
				"node-gyp-build-test": "build-test.js"
			}
		},
		"node_modules/object-assign": {
			"version": "4.1.1",
			"license": "MIT",
			"engines": {
				"node": ">=0.10.0"
			}
		},
		"node_modules/object-inspect": {
			"version": "1.13.4",
			"license": "MIT",
			"engines": {
				"node": ">= 0.4"
			},
			"funding": {
				"url": "https://github.com/sponsors/ljharb"
			}
		},
		"node_modules/on-finished": {
			"version": "2.4.1",
			"license": "MIT",
			"dependencies": {
				"ee-first": "1.1.1"
			},
			"engines": {
				"node": ">= 0.8"
			}
		},
		"node_modules/once": {
			"version": "1.4.0",
			"license": "ISC",
			"dependencies": {
				"wrappy": "1"
			}
		},
		"node_modules/parseurl": {
			"version": "1.3.3",
			"license": "MIT",
			"engines": {
				"node": ">= 0.8"
			}
		},
		"node_modules/path-to-regexp": {
			"version": "8.2.0",
			"license": "MIT",
			"engines": {
				"node": ">=16"
			}
		},
		"node_modules/postgres": {
			"version": "3.4.7",
			"license": "Unlicense",
			"engines": {
				"node": ">=12"
			},
			"funding": {
				"type": "individual",
				"url": "https://github.com/sponsors/porsager"
			}
		},
		"node_modules/prettier": {
			"version": "3.6.1",
			"dev": true,
			"license": "MIT",
			"bin": {
				"prettier": "bin/prettier.cjs"
			},
			"engines": {
				"node": ">=14"
			},
			"funding": {
				"url": "https://github.com/prettier/prettier?sponsor=1"
			}
		},
		"node_modules/proxy-addr": {
			"version": "2.0.7",
			"license": "MIT",
			"dependencies": {
				"forwarded": "0.2.0",
				"ipaddr.js": "1.9.1"
			},
			"engines": {
				"node": ">= 0.10"
			}
		},
		"node_modules/qs": {
			"version": "6.14.0",
			"license": "BSD-3-Clause",
			"dependencies": {
				"side-channel": "^1.1.0"
			},
			"engines": {
				"node": ">=0.6"
			},
			"funding": {
				"url": "https://github.com/sponsors/ljharb"
			}
		},
		"node_modules/raw-body": {
			"version": "3.0.0",
			"license": "MIT",
			"dependencies": {
				"bytes": "3.1.2",
				"http-errors": "2.0.0",
				"iconv-lite": "0.6.3",
				"unpipe": "1.0.0"
			},
			"engines": {
				"node": ">= 0.8"
			}
		},
		"node_modules/resolve-pkg-maps": {
			"version": "1.0.0",
			"dev": true,
			"license": "MIT",
			"funding": {
				"url": "https://github.com/privatenumber/resolve-pkg-maps?sponsor=1"
			}
		},
		"node_modules/router": {
			"version": "2.2.0",
			"license": "MIT",
			"dependencies": {
				"debug": "^4.4.0",
				"depd": "^2.0.0",
				"is-promise": "^4.0.0",
				"parseurl": "^1.3.3",
				"path-to-regexp": "^8.0.0"
			},
			"engines": {
				"node": ">= 18"
			}
		},
		"node_modules/safe-buffer": {
			"version": "5.2.1",
			"funding": [
				{
					"type": "github",
					"url": "https://github.com/sponsors/feross"
				},
				{
					"type": "patreon",
					"url": "https://www.patreon.com/feross"
				},
				{
					"type": "consulting",
					"url": "https://feross.org/support"
				}
			],
			"license": "MIT"
		},
		"node_modules/safer-buffer": {
			"version": "2.1.2",
			"license": "MIT"
		},
		"node_modules/semver": {
			"version": "7.7.2",
			"license": "ISC",
			"bin": {
				"semver": "bin/semver.js"
			},
			"engines": {
				"node": ">=10"
			}
		},
		"node_modules/send": {
			"version": "1.2.0",
			"license": "MIT",
			"dependencies": {
				"debug": "^4.3.5",
				"encodeurl": "^2.0.0",
				"escape-html": "^1.0.3",
				"etag": "^1.8.1",
				"fresh": "^2.0.0",
				"http-errors": "^2.0.0",
				"mime-types": "^3.0.1",
				"ms": "^2.1.3",
				"on-finished": "^2.4.1",
				"range-parser": "^1.2.1",
				"statuses": "^2.0.1"
			},
			"engines": {
				"node": ">= 18"
			}
		},
		"node_modules/send/node_modules/range-parser": {
			"version": "1.2.1",
			"resolved": "https://registry.npmjs.org/range-parser/-/range-parser-1.2.1.tgz",
			"integrity": "sha512-Hrgsx+orqoygnmhFbKaHE6c296J+HTAQXoxEF6gNupROmmGJRoyzfG3ccAveqCBrwr/2yxQ5BVd/GTl5agOwSg==",
			"license": "MIT",
			"engines": {
				"node": ">= 0.6"
			}
		},
		"node_modules/serve-static": {
			"version": "2.2.0",
			"license": "MIT",
			"dependencies": {
				"encodeurl": "^2.0.0",
				"escape-html": "^1.0.3",
				"parseurl": "^1.3.3",
				"send": "^1.2.0"
			},
			"engines": {
				"node": ">= 18"
			}
		},
		"node_modules/setprototypeof": {
			"version": "1.2.0",
			"license": "ISC"
		},
		"node_modules/side-channel": {
			"version": "1.1.0",
			"license": "MIT",
			"dependencies": {
				"es-errors": "^1.3.0",
				"object-inspect": "^1.13.3",
				"side-channel-list": "^1.0.0",
				"side-channel-map": "^1.0.1",
				"side-channel-weakmap": "^1.0.2"
			},
			"engines": {
				"node": ">= 0.4"
			},
			"funding": {
				"url": "https://github.com/sponsors/ljharb"
			}
		},
		"node_modules/side-channel-list": {
			"version": "1.0.0",
			"license": "MIT",
			"dependencies": {
				"es-errors": "^1.3.0",
				"object-inspect": "^1.13.3"
			},
			"engines": {
				"node": ">= 0.4"
			},
			"funding": {
				"url": "https://github.com/sponsors/ljharb"
			}
		},
		"node_modules/side-channel-map": {
			"version": "1.0.1",
			"license": "MIT",
			"dependencies": {
				"call-bound": "^1.0.2",
				"es-errors": "^1.3.0",
				"get-intrinsic": "^1.2.5",
				"object-inspect": "^1.13.3"
			},
			"engines": {
				"node": ">= 0.4"
			},
			"funding": {
				"url": "https://github.com/sponsors/ljharb"
			}
		},
		"node_modules/side-channel-weakmap": {
			"version": "1.0.2",
			"license": "MIT",
			"dependencies": {
				"call-bound": "^1.0.2",
				"es-errors": "^1.3.0",
				"get-intrinsic": "^1.2.5",
				"object-inspect": "^1.13.3",
				"side-channel-map": "^1.0.1"
			},
			"engines": {
				"node": ">= 0.4"
			},
			"funding": {
				"url": "https://github.com/sponsors/ljharb"
			}
		},
		"node_modules/source-map": {
			"version": "0.6.1",
			"dev": true,
			"license": "BSD-3-Clause",
			"engines": {
				"node": ">=0.10.0"
			}
		},
		"node_modules/source-map-support": {
			"version": "0.5.21",
			"dev": true,
			"license": "MIT",
			"dependencies": {
				"buffer-from": "^1.0.0",
				"source-map": "^0.6.0"
			}
		},
		"node_modules/statuses": {
			"version": "2.0.2",
			"license": "MIT",
			"engines": {
				"node": ">= 0.8"
			}
		},
		"node_modules/toidentifier": {
			"version": "1.0.1",
			"license": "MIT",
			"engines": {
				"node": ">=0.6"
			}
		},
		"node_modules/tsx": {
			"version": "4.20.3",
			"dev": true,
			"license": "MIT",
			"dependencies": {
				"esbuild": "~0.25.0",
				"get-tsconfig": "^4.7.5"
			},
			"bin": {
				"tsx": "dist/cli.mjs"
			},
			"engines": {
				"node": ">=18.0.0"
			},
			"optionalDependencies": {
				"fsevents": "~2.3.3"
			}
		},
		"node_modules/type-is": {
			"version": "2.0.1",
			"license": "MIT",
			"dependencies": {
				"content-type": "^1.0.5",
				"media-typer": "^1.1.0",
				"mime-types": "^3.0.0"
			},
			"engines": {
				"node": ">= 0.6"
			}
		},
		"node_modules/typescript": {
			"version": "5.8.3",
			"dev": true,
			"license": "Apache-2.0",
			"bin": {
				"tsc": "bin/tsc",
				"tsserver": "bin/tsserver"
			},
			"engines": {
				"node": ">=14.17"
			}
		},
		"node_modules/undici-types": {
			"version": "7.8.0",
			"dev": true,
			"license": "MIT"
		},
		"node_modules/unpipe": {
			"version": "1.0.0",
			"license": "MIT",
			"engines": {
				"node": ">= 0.8"
			}
		},
		"node_modules/validator": {
			"version": "13.12.0",
			"license": "MIT",
			"engines": {
				"node": ">= 0.10"
			}
		},
		"node_modules/vary": {
			"version": "1.1.2",
			"license": "MIT",
			"engines": {
				"node": ">= 0.8"
			}
		},
		"node_modules/wrappy": {
			"version": "1.0.2",
			"license": "ISC"
		}
	}
}
